# This file is automatically @generated by Cargo.
# It is not intended for manual editing.
version = 3

[[package]]
name = "rust-edt"
version = "0.1.0"
dependencies = [
 "slice-of-array",
]

[[package]]
name = "slice-of-array"
version = "0.3.1"
source = "registry+https://github.com/rust-lang/crates.io-index"
checksum = "af7635b5266b4849f36727e108916b2bd7ec2155b9a7dc844af1a10aa3b71863"
